
Microsoft Visual Studio Solution File, Format Version 11.00
# Visual Studio 2010
Project("{8BC9CEB8-8B4A-11D0-8D11-00A0C91BC942}") = "rdiff", "rdiff.vcxproj", "{1BE7D78A-2117-85F2-2584-5AC721576277}"
EndProject
Global
	GlobalSection(SolutionConfigurationPlatforms) = preSolution
		Debug|Win32 = Debug|Win32
		Release|Win32 = Release|Win32
	EndGlobalSection
	GlobalSection(ProjectConfigurationPlatforms) = postSolution
		{1BE7D78A-2117-85F2-2584-5AC721576277}.Debug|Win32.ActiveCfg = Debug|Win32
		{1BE7D78A-2117-85F2-2584-5AC721576277}.Debug|Win32.Build.0 = Debug|Win32
		{1BE7D78A-2117-85F2-2584-5AC721576277}.Release|Win32.ActiveCfg = Release|Win32
		{1BE7D78A-2117-85F2-2584-5AC721576277}.Release|Win32.Build.0 = Release|Win32
	EndGlobalSection
	GlobalSection(SolutionProperties) = preSolution
		HideSolutionNode = FALSE
	EndGlobalSection
EndGlobal
